// !$*UTF8*$!
{
	archiveVersion = 1;
	classes = {
	};
	objectVersion = 50;
	objects = {

/* Begin PBXBuildFile section */
		184E376D2398C13300E85BE8 /* WeChatICU.framework in Frameworks */ = {isa = PBXBuildFile; fileRef = 184E37632398C13200E85BE8 /* WeChatICU.framework */; };
		184E37722398C13300E85BE8 /* WeChatICUTests.m in Sources */ = {isa = PBXBuildFile; fileRef = 184E37712398C13300E85BE8 /* WeChatICUTests.m */; };
		184E37742398C13300E85BE8 /* WeChatICU.h in Headers */ = {isa = PBXBuildFile; fileRef = 184E37662398C13200E85BE8 /* WeChatICU.h */; settings = {ATTRIBUTES = (Public, ); }; };
		184E377F2398C17600E85BE8 /* main.m in Sources */ = {isa = PBXBuildFile; fileRef = 184E377E2398C17600E85BE8 /* main.m */; };
		184E37822398C2AD00E85BE8 /* fishhook.h in Headers */ = {isa = PBXBuildFile; fileRef = 184E37802398C2AD00E85BE8 /* fishhook.h */; };
		184E37832398C2AD00E85BE8 /* fishhook.c in Sources */ = {isa = PBXBuildFile; fileRef = 184E37812398C2AD00E85BE8 /* fishhook.c */; };
		184E37862398C2C900E85BE8 /* NSObject+ICUHook.h in Headers */ = {isa = PBXBuildFile; fileRef = 184E37842398C2C900E85BE8 /* NSObject+ICUHook.h */; };
		184E37872398C2C900E85BE8 /* NSObject+ICUHook.m in Sources */ = {isa = PBXBuildFile; fileRef = 184E37852398C2C900E85BE8 /* NSObject+ICUHook.m */; };
		185096AD23E7CC2300AAA3BD /* ANYMethodLog.m in Sources */ = {isa = PBXBuildFile; fileRef = 185096AB23E7CC2200AAA3BD /* ANYMethodLog.m */; };
		185096AE23E7CC2300AAA3BD /* ANYMethodLog.h in Headers */ = {isa = PBXBuildFile; fileRef = 185096AC23E7CC2200AAA3BD /* ANYMethodLog.h */; };
/* End PBXBuildFile section */

/* Begin PBXContainerItemProxy section */
		184E376E2398C13300E85BE8 /* PBXContainerItemProxy */ = {
			isa = PBXContainerItemProxy;
			containerPortal = 184E375A2398C13200E85BE8 /* Project object */;
			proxyType = 1;
			remoteGlobalIDString = 184E37622398C13200E85BE8;
			remoteInfo = WeChatICU;
		};
/* End PBXContainerItemProxy section */

/* Begin PBXFileReference section */
		184E37632398C13200E85BE8 /* WeChatICU.framework */ = {isa = PBXFileReference; explicitFileType = wrapper.framework; includeInIndex = 0; path = WeChatICU.framework; sourceTree = BUILT_PRODUCTS_DIR; };
		184E37662398C13200E85BE8 /* WeChatICU.h */ = {isa = PBXFileReference; lastKnownFileType = sourcecode.c.h; path = WeChatICU.h; sourceTree = "<group>"; };
		184E37672398C13200E85BE8 /* Info.plist */ = {isa = PBXFileReference; lastKnownFileType = text.plist.xml; path = Info.plist; sourceTree = "<group>"; };
		184E376C2398C13300E85BE8 /* WeChatICUTests.xctest */ = {isa = PBXFileReference; explicitFileType = wrapper.cfbundle; includeInIndex = 0; path = WeChatICUTests.xctest; sourceTree = BUILT_PRODUCTS_DIR; };
		184E37712398C13300E85BE8 /* WeChatICUTests.m */ = {isa = PBXFileReference; lastKnownFileType = sourcecode.c.objc; path = WeChatICUTests.m; sourceTree = "<group>"; };
		184E37732398C13300E85BE8 /* Info.plist */ = {isa = PBXFileReference; lastKnownFileType = text.plist.xml; path = Info.plist; sourceTree = "<group>"; };
		184E377E2398C17600E85BE8 /* main.m */ = {isa = PBXFileReference; lastKnownFileType = sourcecode.c.objc; path = main.m; sourceTree = "<group>"; };
		184E37802398C2AD00E85BE8 /* fishhook.h */ = {isa = PBXFileReference; fileEncoding = 4; lastKnownFileType = sourcecode.c.h; path = fishhook.h; sourceTree = "<group>"; };
		184E37812398C2AD00E85BE8 /* fishhook.c */ = {isa = PBXFileReference; fileEncoding = 4; lastKnownFileType = sourcecode.c.c; path = fishhook.c; sourceTree = "<group>"; };
		184E37842398C2C900E85BE8 /* NSObject+ICUHook.h */ = {isa = PBXFileReference; lastKnownFileType = sourcecode.c.h; path = "NSObject+ICUHook.h"; sourceTree = "<group>"; };
		184E37852398C2C900E85BE8 /* NSObject+ICUHook.m */ = {isa = PBXFileReference; lastKnownFileType = sourcecode.c.objc; path = "NSObject+ICUHook.m"; sourceTree = "<group>"; };
		185096AB23E7CC2200AAA3BD /* ANYMethodLog.m */ = {isa = PBXFileReference; fileEncoding = 4; lastKnownFileType = sourcecode.c.objc; path = ANYMethodLog.m; sourceTree = "<group>"; };
		185096AC23E7CC2200AAA3BD /* ANYMethodLog.h */ = {isa = PBXFileReference; fileEncoding = 4; lastKnownFileType = sourcecode.c.h; path = ANYMethodLog.h; sourceTree = "<group>"; };
/* End PBXFileReference section */

/* Begin PBXFrameworksBuildPhase section */
		184E37602398C13200E85BE8 /* Frameworks */ = {
			isa = PBXFrameworksBuildPhase;
			buildActionMask = 2147483647;
			files = (
			);
			runOnlyForDeploymentPostprocessing = 0;
		};
		184E37692398C13300E85BE8 /* Frameworks */ = {
			isa = PBXFrameworksBuildPhase;
			buildActionMask = 2147483647;
			files = (
				184E376D2398C13300E85BE8 /* WeChatICU.framework in Frameworks */,
			);
			runOnlyForDeploymentPostprocessing = 0;
		};
/* End PBXFrameworksBuildPhase section */

/* Begin PBXGroup section */
		184E37592398C13200E85BE8 = {
			isa = PBXGroup;
			children = (
				184E37652398C13200E85BE8 /* WeChatICU */,
				184E37702398C13300E85BE8 /* WeChatICUTests */,
				184E37642398C13200E85BE8 /* Products */,
			);
			sourceTree = "<group>";
		};
		184E37642398C13200E85BE8 /* Products */ = {
			isa = PBXGroup;
			children = (
				184E37632398C13200E85BE8 /* WeChatICU.framework */,
				184E376C2398C13300E85BE8 /* WeChatICUTests.xctest */,
			);
			name = Products;
			sourceTree = "<group>";
		};
		184E37652398C13200E85BE8 /* WeChatICU */ = {
			isa = PBXGroup;
			children = (
				185096AA23E7CC2200AAA3BD /* ANYMethodLog */,
				184E37812398C2AD00E85BE8 /* fishhook.c */,
				184E37802398C2AD00E85BE8 /* fishhook.h */,
				184E37842398C2C900E85BE8 /* NSObject+ICUHook.h */,
				184E37852398C2C900E85BE8 /* NSObject+ICUHook.m */,
				184E37662398C13200E85BE8 /* WeChatICU.h */,
				184E377E2398C17600E85BE8 /* main.m */,
				184E37672398C13200E85BE8 /* Info.plist */,
			);
			path = WeChatICU;
			sourceTree = "<group>";
		};
		184E37702398C13300E85BE8 /* WeChatICUTests */ = {
			isa = PBXGroup;
			children = (
				184E37712398C13300E85BE8 /* WeChatICUTests.m */,
				184E37732398C13300E85BE8 /* Info.plist */,
			);
			path = WeChatICUTests;
			sourceTree = "<group>";
		};
		185096AA23E7CC2200AAA3BD /* ANYMethodLog */ = {
			isa = PBXGroup;
			children = (
				185096AB23E7CC2200AAA3BD /* ANYMethodLog.m */,
				185096AC23E7CC2200AAA3BD /* ANYMethodLog.h */,
			);
			path = ANYMethodLog;
			sourceTree = "<group>";
		};
/* End PBXGroup section */

/* Begin PBXHeadersBuildPhase section */
		184E375E2398C13200E85BE8 /* Headers */ = {
			isa = PBXHeadersBuildPhase;
			buildActionMask = 2147483647;
			files = (
				184E37742398C13300E85BE8 /* WeChatICU.h in Headers */,
				184E37862398C2C900E85BE8 /* NSObject+ICUHook.h in Headers */,
				184E37822398C2AD00E85BE8 /* fishhook.h in Headers */,
				185096AE23E7CC2300AAA3BD /* ANYMethodLog.h in Headers */,
			);
			runOnlyForDeploymentPostprocessing = 0;
		};
/* End PBXHeadersBuildPhase section */

/* Begin PBXNativeTarget section */
		184E37622398C13200E85BE8 /* WeChatICU */ = {
			isa = PBXNativeTarget;
			buildConfigurationList = 184E37772398C13300E85BE8 /* Build configuration list for PBXNativeTarget "WeChatICU" */;
			buildPhases = (
				184E375E2398C13200E85BE8 /* Headers */,
				184E375F2398C13200E85BE8 /* Sources */,
				184E37602398C13200E85BE8 /* Frameworks */,
				184E37612398C13200E85BE8 /* Resources */,
				184E377D2398C13D00E85BE8 /* ShellScript */,
			);
			buildRules = (
			);
			dependencies = (
			);
			name = WeChatICU;
			productName = WeChatICU;
			productReference = 184E37632398C13200E85BE8 /* WeChatICU.framework */;
			productType = "com.apple.product-type.framework";
		};
		184E376B2398C13300E85BE8 /* WeChatICUTests */ = {
			isa = PBXNativeTarget;
			buildConfigurationList = 184E377A2398C13300E85BE8 /* Build configuration list for PBXNativeTarget "WeChatICUTests" */;
			buildPhases = (
				184E37682398C13300E85BE8 /* Sources */,
				184E37692398C13300E85BE8 /* Frameworks */,
				184E376A2398C13300E85BE8 /* Resources */,
			);
			buildRules = (
			);
			dependencies = (
				184E376F2398C13300E85BE8 /* PBXTargetDependency */,
			);
			name = WeChatICUTests;
			productName = WeChatICUTests;
			productReference = 184E376C2398C13300E85BE8 /* WeChatICUTests.xctest */;
			productType = "com.apple.product-type.bundle.unit-test";
		};
/* End PBXNativeTarget section */

/* Begin PBXProject section */
		184E375A2398C13200E85BE8 /* Project object */ = {
			isa = PBXProject;
			attributes = {
				LastUpgradeCheck = 1120;
				ORGANIZATIONNAME = MustangYM;
				TargetAttributes = {
					184E37622398C13200E85BE8 = {
						CreatedOnToolsVersion = 11.2.1;
					};
					184E376B2398C13300E85BE8 = {
						CreatedOnToolsVersion = 11.2.1;
					};
				};
			};
			buildConfigurationList = 184E375D2398C13200E85BE8 /* Build configuration list for PBXProject "WeChatICU" */;
			compatibilityVersion = "Xcode 9.3";
			developmentRegion = en;
			hasScannedForEncodings = 0;
			knownRegions = (
				en,
				Base,
			);
			mainGroup = 184E37592398C13200E85BE8;
			productRefGroup = 184E37642398C13200E85BE8 /* Products */;
			projectDirPath = "";
			projectRoot = "";
			targets = (
				184E37622398C13200E85BE8 /* WeChatICU */,
				184E376B2398C13300E85BE8 /* WeChatICUTests */,
			);
		};
/* End PBXProject section */

/* Begin PBXResourcesBuildPhase section */
		184E37612398C13200E85BE8 /* Resources */ = {
			isa = PBXResourcesBuildPhase;
			buildActionMask = 2147483647;
			files = (
			);
			runOnlyForDeploymentPostprocessing = 0;
		};
		184E376A2398C13300E85BE8 /* Resources */ = {
			isa = PBXResourcesBuildPhase;
			buildActionMask = 2147483647;
			files = (
			);
			runOnlyForDeploymentPostprocessing = 0;
		};
/* End PBXResourcesBuildPhase section */

/* Begin PBXShellScriptBuildPhase section */
		184E377D2398C13D00E85BE8 /* ShellScript */ = {
			isa = PBXShellScriptBuildPhase;
			buildActionMask = 2147483647;
			files = (
			);
			inputFileListPaths = (
			);
			inputPaths = (
			);
			outputFileListPaths = (
			);
			outputPaths = (
			);
			runOnlyForDeploymentPostprocessing = 0;
			shellPath = /bin/sh;
			shellScript = "# Type a script or drag a script file from your workspace to insert its path.\n#!/bin/bash\n# 要注入的的app\napp_name=\"企业微信\"\n# 此framework名字\nframework_name=\"WeChatICU\"\napp_bundle_path=\"/Applications/${app_name}.app/Contents/MacOS\"\napp_executable_path=\"${app_bundle_path}/${app_name}\"\napp_executable_backup_path=\"${app_executable_path}_backup\"\nframework_path=\"${app_bundle_path}/${framework_name}.framework\"\n# 备份WeChat原始可执行文件\nif [ ! -f \"$app_executable_backup_path\" ]\nthen\ncp \"$app_executable_path\" \"$app_executable_backup_path\"\nfi\ncp -r \"${BUILT_PRODUCTS_DIR}/${framework_name}.framework\" ${app_bundle_path}\n# 注入动态库\n./insert_dylib --all-yes \"${framework_path}/${framework_name}\" \"$app_executable_backup_path\" \"$app_executable_path\"\n";
		};
/* End PBXShellScriptBuildPhase section */

/* Begin PBXSourcesBuildPhase section */
		184E375F2398C13200E85BE8 /* Sources */ = {
			isa = PBXSourcesBuildPhase;
			buildActionMask = 2147483647;
			files = (
				185096AD23E7CC2300AAA3BD /* ANYMethodLog.m in Sources */,
				184E37832398C2AD00E85BE8 /* fishhook.c in Sources */,
				184E37872398C2C900E85BE8 /* NSObject+ICUHook.m in Sources */,
				184E377F2398C17600E85BE8 /* main.m in Sources */,
			);
			runOnlyForDeploymentPostprocessing = 0;
		};
		184E37682398C13300E85BE8 /* Sources */ = {
			isa = PBXSourcesBuildPhase;
			buildActionMask = 2147483647;
			files = (
				184E37722398C13300E85BE8 /* WeChatICUTests.m in Sources */,
			);
			runOnlyForDeploymentPostprocessing = 0;
		};
/* End PBXSourcesBuildPhase section */

/* Begin PBXTargetDependency section */
		184E376F2398C13300E85BE8 /* PBXTargetDependency */ = {
			isa = PBXTargetDependency;
			target = 184E37622398C13200E85BE8 /* WeChatICU */;
			targetProxy = 184E376E2398C13300E85BE8 /* PBXContainerItemProxy */;
		};
/* End PBXTargetDependency section */

/* Begin XCBuildConfiguration section */
		184E37752398C13300E85BE8 /* Debug */ = {
			isa = XCBuildConfiguration;
			buildSettings = {
				ALWAYS_SEARCH_USER_PATHS = NO;
				CLANG_ANALYZER_NONNULL = YES;
				CLANG_ANALYZER_NUMBER_OBJECT_CONVERSION = YES_AGGRESSIVE;
				CLANG_CXX_LANGUAGE_STANDARD = "gnu++14";
				CLANG_CXX_LIBRARY = "libc++";
				CLANG_ENABLE_MODULES = YES;
				CLANG_ENABLE_OBJC_ARC = YES;
				CLANG_ENABLE_OBJC_WEAK = YES;
				CLANG_WARN_BLOCK_CAPTURE_AUTORELEASING = YES;
				CLANG_WARN_BOOL_CONVERSION = YES;
				CLANG_WARN_COMMA = YES;
				CLANG_WARN_CONSTANT_CONVERSION = YES;
				CLANG_WARN_DEPRECATED_OBJC_IMPLEMENTATIONS = YES;
				CLANG_WARN_DIRECT_OBJC_ISA_USAGE = YES_ERROR;
				CLANG_WARN_DOCUMENTATION_COMMENTS = YES;
				CLANG_WARN_EMPTY_BODY = YES;
				CLANG_WARN_ENUM_CONVERSION = YES;
				CLANG_WARN_INFINITE_RECURSION = YES;
				CLANG_WARN_INT_CONVERSION = YES;
				CLANG_WARN_NON_LITERAL_NULL_CONVERSION = YES;
				CLANG_WARN_OBJC_IMPLICIT_RETAIN_SELF = YES;
				CLANG_WARN_OBJC_LITERAL_CONVERSION = YES;
				CLANG_WARN_OBJC_ROOT_CLASS = YES_ERROR;
				CLANG_WARN_RANGE_LOOP_ANALYSIS = YES;
				CLANG_WARN_STRICT_PROTOTYPES = YES;
				CLANG_WARN_SUSPICIOUS_MOVE = YES;
				CLANG_WARN_UNGUARDED_AVAILABILITY = YES_AGGRESSIVE;
				CLANG_WARN_UNREACHABLE_CODE = YES;
				CLANG_WARN__DUPLICATE_METHOD_MATCH = YES;
				COPY_PHASE_STRIP = NO;
				CURRENT_PROJECT_VERSION = 1;
				DEBUG_INFORMATION_FORMAT = dwarf;
				ENABLE_STRICT_OBJC_MSGSEND = YES;
				ENABLE_TESTABILITY = YES;
				GCC_C_LANGUAGE_STANDARD = gnu11;
				GCC_DYNAMIC_NO_PIC = NO;
				GCC_NO_COMMON_BLOCKS = YES;
				GCC_OPTIMIZATION_LEVEL = 0;
				GCC_PREPROCESSOR_DEFINITIONS = (
					"DEBUG=1",
					"$(inherited)",
				);
				GCC_WARN_64_TO_32_BIT_CONVERSION = YES;
				GCC_WARN_ABOUT_RETURN_TYPE = YES_ERROR;
				GCC_WARN_UNDECLARED_SELECTOR = YES;
				GCC_WARN_UNINITIALIZED_AUTOS = YES_AGGRESSIVE;
				GCC_WARN_UNUSED_FUNCTION = YES;
				GCC_WARN_UNUSED_VARIABLE = YES;
				MACOSX_DEPLOYMENT_TARGET = 10.14;
				MTL_ENABLE_DEBUG_INFO = INCLUDE_SOURCE;
				MTL_FAST_MATH = YES;
				ONLY_ACTIVE_ARCH = YES;
				SDKROOT = macosx;
				VERSIONING_SYSTEM = "apple-generic";
				VERSION_INFO_PREFIX = "";
			};
			name = Debug;
		};
		184E37762398C13300E85BE8 /* Release */ = {
			isa = XCBuildConfiguration;
			buildSettings = {
				ALWAYS_SEARCH_USER_PATHS = NO;
				CLANG_ANALYZER_NONNULL = YES;
				CLANG_ANALYZER_NUMBER_OBJECT_CONVERSION = YES_AGGRESSIVE;
				CLANG_CXX_LANGUAGE_STANDARD = "gnu++14";
				CLANG_CXX_LIBRARY = "libc++";
				CLANG_ENABLE_MODULES = YES;
				CLANG_ENABLE_OBJC_ARC = YES;
				CLANG_ENABLE_OBJC_WEAK = YES;
				CLANG_WARN_BLOCK_CAPTURE_AUTORELEASING = YES;
				CLANG_WARN_BOOL_CONVERSION = YES;
				CLANG_WARN_COMMA = YES;
				CLANG_WARN_CONSTANT_CONVERSION = YES;
				CLANG_WARN_DEPRECATED_OBJC_IMPLEMENTATIONS = YES;
				CLANG_WARN_DIRECT_OBJC_ISA_USAGE = YES_ERROR;
				CLANG_WARN_DOCUMENTATION_COMMENTS = YES;
				CLANG_WARN_EMPTY_BODY = YES;
				CLANG_WARN_ENUM_CONVERSION = YES;
				CLANG_WARN_INFINITE_RECURSION = YES;
				CLANG_WARN_INT_CONVERSION = YES;
				CLANG_WARN_NON_LITERAL_NULL_CONVERSION = YES;
				CLANG_WARN_OBJC_IMPLICIT_RETAIN_SELF = YES;
				CLANG_WARN_OBJC_LITERAL_CONVERSION = YES;
				CLANG_WARN_OBJC_ROOT_CLASS = YES_ERROR;
				CLANG_WARN_RANGE_LOOP_ANALYSIS = YES;
				CLANG_WARN_STRICT_PROTOTYPES = YES;
				CLANG_WARN_SUSPICIOUS_MOVE = YES;
				CLANG_WARN_UNGUARDED_AVAILABILITY = YES_AGGRESSIVE;
				CLANG_WARN_UNREACHABLE_CODE = YES;
				CLANG_WARN__DUPLICATE_METHOD_MATCH = YES;
				COPY_PHASE_STRIP = NO;
				CURRENT_PROJECT_VERSION = 1;
				DEBUG_INFORMATION_FORMAT = "dwarf-with-dsym";
				ENABLE_NS_ASSERTIONS = NO;
				ENABLE_STRICT_OBJC_MSGSEND = YES;
				GCC_C_LANGUAGE_STANDARD = gnu11;
				GCC_NO_COMMON_BLOCKS = YES;
				GCC_WARN_64_TO_32_BIT_CONVERSION = YES;
				GCC_WARN_ABOUT_RETURN_TYPE = YES_ERROR;
				GCC_WARN_UNDECLARED_SELECTOR = YES;
				GCC_WARN_UNINITIALIZED_AUTOS = YES_AGGRESSIVE;
				GCC_WARN_UNUSED_FUNCTION = YES;
				GCC_WARN_UNUSED_VARIABLE = YES;
				MACOSX_DEPLOYMENT_TARGET = 10.14;
				MTL_ENABLE_DEBUG_INFO = NO;
				MTL_FAST_MATH = YES;
				SDKROOT = macosx;
				VERSIONING_SYSTEM = "apple-generic";
				VERSION_INFO_PREFIX = "";
			};
			name = Release;
		};
		184E37782398C13300E85BE8 /* Debug */ = {
			isa = XCBuildConfiguration;
			buildSettings = {
				CODE_SIGN_STYLE = Automatic;
				COMBINE_HIDPI_IMAGES = YES;
				DEFINES_MODULE = YES;
				DEVELOPMENT_TEAM = CMN9N2C3G8;
				DYLIB_COMPATIBILITY_VERSION = 1;
				DYLIB_CURRENT_VERSION = 1;
				DYLIB_INSTALL_NAME_BASE = "@rpath";
				INFOPLIST_FILE = WeChatICU/Info.plist;
				INSTALL_PATH = "$(LOCAL_LIBRARY_DIR)/Frameworks";
				LD_RUNPATH_SEARCH_PATHS = (
					"$(inherited)",
					"@executable_path/../Frameworks",
					"@loader_path/Frameworks",
				);
				PRODUCT_BUNDLE_IDENTIFIER = MustangYM.WeChatICU;
				PRODUCT_NAME = "$(TARGET_NAME:c99extidentifier)";
				SKIP_INSTALL = YES;
			};
			name = Debug;
		};
		184E37792398C13300E85BE8 /* Release */ = {
			isa = XCBuildConfiguration;
			buildSettings = {
				CODE_SIGN_STYLE = Automatic;
				COMBINE_HIDPI_IMAGES = YES;
				DEFINES_MODULE = YES;
				DEVELOPMENT_TEAM = CMN9N2C3G8;
				DYLIB_COMPATIBILITY_VERSION = 1;
				DYLIB_CURRENT_VERSION = 1;
				DYLIB_INSTALL_NAME_BASE = "@rpath";
				INFOPLIST_FILE = WeChatICU/Info.plist;
				INSTALL_PATH = "$(LOCAL_LIBRARY_DIR)/Frameworks";
				LD_RUNPATH_SEARCH_PATHS = (
					"$(inherited)",
					"@executable_path/../Frameworks",
					"@loader_path/Frameworks",
				);
				PRODUCT_BUNDLE_IDENTIFIER = MustangYM.WeChatICU;
				PRODUCT_NAME = "$(TARGET_NAME:c99extidentifier)";
				SKIP_INSTALL = YES;
			};
			name = Release;
		};
		184E377B2398C13300E85BE8 /* Debug */ = {
			isa = XCBuildConfiguration;
			buildSettings = {
				CODE_SIGN_STYLE = Automatic;
				COMBINE_HIDPI_IMAGES = YES;
				DEVELOPMENT_TEAM = CMN9N2C3G8;
				INFOPLIST_FILE = WeChatICUTests/Info.plist;
				LD_RUNPATH_SEARCH_PATHS = (
					"$(inherited)",
					"@executable_path/../Frameworks",
					"@loader_path/../Frameworks",
				);
				PRODUCT_BUNDLE_IDENTIFIER = MustangYM.WeChatICUTests;
				PRODUCT_NAME = "$(TARGET_NAME)";
			};
			name = Debug;
		};
		184E377C2398C13300E85BE8 /* Release */ = {
			isa = XCBuildConfiguration;
			buildSettings = {
				CODE_SIGN_STYLE = Automatic;
				COMBINE_HIDPI_IMAGES = YES;
				DEVELOPMENT_TEAM = CMN9N2C3G8;
				INFOPLIST_FILE = WeChatICUTests/Info.plist;
				LD_RUNPATH_SEARCH_PATHS = (
					"$(inherited)",
					"@executable_path/../Frameworks",
					"@loader_path/../Frameworks",
				);
				PRODUCT_BUNDLE_IDENTIFIER = MustangYM.WeChatICUTests;
				PRODUCT_NAME = "$(TARGET_NAME)";
			};
			name = Release;
		};
/* End XCBuildConfiguration section */

/* Begin XCConfigurationList section */
		184E375D2398C13200E85BE8 /* Build configuration list for PBXProject "WeChatICU" */ = {
			isa = XCConfigurationList;
			buildConfigurations = (
				184E37752398C13300E85BE8 /* Debug */,
				184E37762398C13300E85BE8 /* Release */,
			);
			defaultConfigurationIsVisible = 0;
			defaultConfigurationName = Release;
		};
		184E37772398C13300E85BE8 /* Build configuration list for PBXNativeTarget "WeChatICU" */ = {
			isa = XCConfigurationList;
			buildConfigurations = (
				184E37782398C13300E85BE8 /* Debug */,
				184E37792398C13300E85BE8 /* Release */,
			);
			defaultConfigurationIsVisible = 0;
			defaultConfigurationName = Release;
		};
		184E377A2398C13300E85BE8 /* Build configuration list for PBXNativeTarget "WeChatICUTests" */ = {
			isa = XCConfigurationList;
			buildConfigurations = (
				184E377B2398C13300E85BE8 /* Debug */,
				184E377C2398C13300E85BE8 /* Release */,
			);
			defaultConfigurationIsVisible = 0;
			defaultConfigurationName = Release;
		};
/* End XCConfigurationList section */
	};
	rootObject = 184E375A2398C13200E85BE8 /* Project object */;
}
